// !$*UTF8*$!
{
	archiveVersion = 1;
	classes = {
	};
	objectVersion = 50;
	objects = {

/* Begin PBXBuildFile section */
		78DFAE8223CFED10009DFDA8 /* AppDelegate.swift in Sources */ = {isa = PBXBuildFile; fileRef = 78DFAE8123CFED10009DFDA8 /* AppDelegate.swift */; };
		78DFAE8423CFED10009DFDA8 /* SceneDelegate.swift in Sources */ = {isa = PBXBuildFile; fileRef = 78DFAE8323CFED10009DFDA8 /* SceneDelegate.swift */; };
		78DFAE8623CFED10009DFDA8 /* ViewController.swift in Sources */ = {isa = PBXBuildFile; fileRef = 78DFAE8523CFED10009DFDA8 /* ViewController.swift */; };
		78DFAE8923CFED10009DFDA8 /* Main.storyboard in Resources */ = {isa = PBXBuildFile; fileRef = 78DFAE8723CFED10009DFDA8 /* Main.storyboard */; };
		78DFAE8B23CFED11009DFDA8 /* Assets.xcassets in Resources */ = {isa = PBXBuildFile; fileRef = 78DFAE8A23CFED11009DFDA8 /* Assets.xcassets */; };
		78DFAE8E23CFED11009DFDA8 /* LaunchScreen.storyboard in Resources */ = {isa = PBXBuildFile; fileRef = 78DFAE8C23CFED11009DFDA8 /* LaunchScreen.storyboard */; };
		78DFAE9623CFED55009DFDA8 /* SquareCheckoutViewController.swift in Sources */ = {isa = PBXBuildFile; fileRef = 78DFAE9523CFED55009DFDA8 /* SquareCheckoutViewController.swift */; };
		78DFAE9923D01064009DFDA8 /* SquareReaderSDK.framework in Frameworks */ = {isa = PBXBuildFile; fileRef = 78DFAE9823D01064009DFDA8 /* SquareReaderSDK.framework */; };
		78DFAE9A23D01064009DFDA8 /* SquareReaderSDK.framework in Embed Frameworks */ = {isa = PBXBuildFile; fileRef = 78DFAE9823D01064009DFDA8 /* SquareReaderSDK.framework */; settings = {ATTRIBUTES = (CodeSignOnCopy, RemoveHeadersOnCopy, ); }; };
/* End PBXBuildFile section */

/* Begin PBXCopyFilesBuildPhase section */
		78DFAE9B23D01064009DFDA8 /* Embed Frameworks */ = {
			isa = PBXCopyFilesBuildPhase;
			buildActionMask = 2147483647;
			dstPath = "";
			dstSubfolderSpec = 10;
			files = (
				78DFAE9A23D01064009DFDA8 /* SquareReaderSDK.framework in Embed Frameworks */,
			);
			name = "Embed Frameworks";
			runOnlyForDeploymentPostprocessing = 0;
		};
/* End PBXCopyFilesBuildPhase section */

/* Begin PBXFileReference section */
		78DFAE7E23CFED10009DFDA8 /* SquareReaderSDKTest.app */ = {isa = PBXFileReference; explicitFileType = wrapper.application; includeInIndex = 0; path = SquareReaderSDKTest.app; sourceTree = BUILT_PRODUCTS_DIR; };
		78DFAE8123CFED10009DFDA8 /* AppDelegate.swift */ = {isa = PBXFileReference; lastKnownFileType = sourcecode.swift; path = AppDelegate.swift; sourceTree = "<group>"; };
		78DFAE8323CFED10009DFDA8 /* SceneDelegate.swift */ = {isa = PBXFileReference; lastKnownFileType = sourcecode.swift; path = SceneDelegate.swift; sourceTree = "<group>"; };
		78DFAE8523CFED10009DFDA8 /* ViewController.swift */ = {isa = PBXFileReference; lastKnownFileType = sourcecode.swift; path = ViewController.swift; sourceTree = "<group>"; };
		78DFAE8823CFED10009DFDA8 /* Base */ = {isa = PBXFileReference; lastKnownFileType = file.storyboard; name = Base; path = Base.lproj/Main.storyboard; sourceTree = "<group>"; };
		78DFAE8A23CFED11009DFDA8 /* Assets.xcassets */ = {isa = PBXFileReference; lastKnownFileType = folder.assetcatalog; path = Assets.xcassets; sourceTree = "<group>"; };
		78DFAE8D23CFED11009DFDA8 /* Base */ = {isa = PBXFileReference; lastKnownFileType = file.storyboard; name = Base; path = Base.lproj/LaunchScreen.storyboard; sourceTree = "<group>"; };
		78DFAE8F23CFED11009DFDA8 /* Info.plist */ = {isa = PBXFileReference; lastKnownFileType = text.plist.xml; path = Info.plist; sourceTree = "<group>"; };
		78DFAE9523CFED55009DFDA8 /* SquareCheckoutViewController.swift */ = {isa = PBXFileReference; fileEncoding = 4; lastKnownFileType = sourcecode.swift; path = SquareCheckoutViewController.swift; sourceTree = "<group>"; };
		78DFAE9823D01064009DFDA8 /* SquareReaderSDK.framework */ = {isa = PBXFileReference; lastKnownFileType = wrapper.framework; path = SquareReaderSDK.framework; sourceTree = "<group>"; };
/* End PBXFileReference section */

/* Begin PBXFrameworksBuildPhase section */
		78DFAE7B23CFED10009DFDA8 /* Frameworks */ = {
			isa = PBXFrameworksBuildPhase;
			buildActionMask = 2147483647;
			files = (
				78DFAE9923D01064009DFDA8 /* SquareReaderSDK.framework in Frameworks */,
			);
			runOnlyForDeploymentPostprocessing = 0;
		};
/* End PBXFrameworksBuildPhase section */

/* Begin PBXGroup section */
		78DFAE7523CFED10009DFDA8 = {
			isa = PBXGroup;
			children = (
				78DFAE8023CFED10009DFDA8 /* SquareReaderSDKTest */,
				78DFAE7F23CFED10009DFDA8 /* Products */,
				78DFAE9723D01064009DFDA8 /* Frameworks */,
			);
			sourceTree = "<group>";
		};
		78DFAE7F23CFED10009DFDA8 /* Products */ = {
			isa = PBXGroup;
			children = (
				78DFAE7E23CFED10009DFDA8 /* SquareReaderSDKTest.app */,
			);
			name = Products;
			sourceTree = "<group>";
		};
		78DFAE8023CFED10009DFDA8 /* SquareReaderSDKTest */ = {
			isa = PBXGroup;
			children = (
				78DFAE8123CFED10009DFDA8 /* AppDelegate.swift */,
				78DFAE8323CFED10009DFDA8 /* SceneDelegate.swift */,
				78DFAE8523CFED10009DFDA8 /* ViewController.swift */,
				78DFAE8723CFED10009DFDA8 /* Main.storyboard */,
				78DFAE8A23CFED11009DFDA8 /* Assets.xcassets */,
				78DFAE8C23CFED11009DFDA8 /* LaunchScreen.storyboard */,
				78DFAE8F23CFED11009DFDA8 /* Info.plist */,
				78DFAE9523CFED55009DFDA8 /* SquareCheckoutViewController.swift */,
			);
			path = SquareReaderSDKTest;
			sourceTree = "<group>";
		};
		78DFAE9723D01064009DFDA8 /* Frameworks */ = {
			isa = PBXGroup;
			children = (
				78DFAE9823D01064009DFDA8 /* SquareReaderSDK.framework */,
			);
			name = Frameworks;
			sourceTree = "<group>";
		};
/* End PBXGroup section */

/* Begin PBXNativeTarget section */
		78DFAE7D23CFED10009DFDA8 /* SquareReaderSDKTest */ = {
			isa = PBXNativeTarget;
			buildConfigurationList = 78DFAE9223CFED11009DFDA8 /* Build configuration list for PBXNativeTarget "SquareReaderSDKTest" */;
			buildPhases = (
				78DFAE7A23CFED10009DFDA8 /* Sources */,
				78DFAE7B23CFED10009DFDA8 /* Frameworks */,
				78DFAE7C23CFED10009DFDA8 /* Resources */,
				78DFAE9B23D01064009DFDA8 /* Embed Frameworks */,
				78DFAE9C23D010EA009DFDA8 /* ShellScript */,
			);
			buildRules = (
			);
			dependencies = (
			);
			name = SquareReaderSDKTest;
			productName = SquareReaderSDKTest;
			productReference = 78DFAE7E23CFED10009DFDA8 /* SquareReaderSDKTest.app */;
			productType = "com.apple.product-type.application";
		};
/* End PBXNativeTarget section */

/* Begin PBXProject section */
		78DFAE7623CFED10009DFDA8 /* Project object */ = {
			isa = PBXProject;
			attributes = {
				LastSwiftUpdateCheck = 1120;
				LastUpgradeCheck = 1120;
				ORGANIZATIONNAME = kios;
				TargetAttributes = {
					78DFAE7D23CFED10009DFDA8 = {
						CreatedOnToolsVersion = 11.2.1;
					};
				};
			};
			buildConfigurationList = 78DFAE7923CFED10009DFDA8 /* Build configuration list for PBXProject "SquareReaderSDKTest" */;
			compatibilityVersion = "Xcode 9.3";
			developmentRegion = en;
			hasScannedForEncodings = 0;
			knownRegions = (
				en,
				Base,
			);
			mainGroup = 78DFAE7523CFED10009DFDA8;
			productRefGroup = 78DFAE7F23CFED10009DFDA8 /* Products */;
			projectDirPath = "";
			projectRoot = "";
			targets = (
				78DFAE7D23CFED10009DFDA8 /* SquareReaderSDKTest */,
			);
		};
/* End PBXProject section */

/* Begin PBXResourcesBuildPhase section */
		78DFAE7C23CFED10009DFDA8 /* Resources */ = {
			isa = PBXResourcesBuildPhase;
			buildActionMask = 2147483647;
			files = (
				78DFAE8E23CFED11009DFDA8 /* LaunchScreen.storyboard in Resources */,
				78DFAE8B23CFED11009DFDA8 /* Assets.xcassets in Resources */,
				78DFAE8923CFED10009DFDA8 /* Main.storyboard in Resources */,
			);
			runOnlyForDeploymentPostprocessing = 0;
		};
/* End PBXResourcesBuildPhase section */

/* Begin PBXShellScriptBuildPhase section */
		78DFAE9C23D010EA009DFDA8 /* ShellScript */ = {
			isa = PBXShellScriptBuildPhase;
			buildActionMask = 2147483647;
			files = (
			);
			inputFileListPaths = (
			);
			inputPaths = (
			);
			outputFileListPaths = (
			);
			outputPaths = (
			);
			runOnlyForDeploymentPostprocessing = 0;
			shellPath = /bin/sh;
			shellScript = "FRAMEWORKS=\"${BUILT_PRODUCTS_DIR}/${FRAMEWORKS_FOLDER_PATH}\"\n\"${FRAMEWORKS}/SquareReaderSDK.framework/setup\"\n";
		};
/* End PBXShellScriptBuildPhase section */

/* Begin PBXSourcesBuildPhase section */
		78DFAE7A23CFED10009DFDA8 /* Sources */ = {
			isa = PBXSourcesBuildPhase;
			buildActionMask = 2147483647;
			files = (
				78DFAE8623CFED10009DFDA8 /* ViewController.swift in Sources */,
				78DFAE8223CFED10009DFDA8 /* AppDelegate.swift in Sources */,
				78DFAE8423CFED10009DFDA8 /* SceneDelegate.swift in Sources */,
				78DFAE9623CFED55009DFDA8 /* SquareCheckoutViewController.swift in Sources */,
			);
			runOnlyForDeploymentPostprocessing = 0;
		};
/* End PBXSourcesBuildPhase section */

/* Begin PBXVariantGroup section */
		78DFAE8723CFED10009DFDA8 /* Main.storyboard */ = {
			isa = PBXVariantGroup;
			children = (
				78DFAE8823CFED10009DFDA8 /* Base */,
			);
			name = Main.storyboard;
			sourceTree = "<group>";
		};
		78DFAE8C23CFED11009DFDA8 /* LaunchScreen.storyboard */ = {
			isa = PBXVariantGroup;
			children = (
				78DFAE8D23CFED11009DFDA8 /* Base */,
			);
			name = LaunchScreen.storyboard;
			sourceTree = "<group>";
		};
/* End PBXVariantGroup section */

/* Begin XCBuildConfiguration section */
		78DFAE9023CFED11009DFDA8 /* Debug */ = {
			isa = XCBuildConfiguration;
			buildSettings = {
				ALWAYS_SEARCH_USER_PATHS = NO;
				CLANG_ANALYZER_NONNULL = YES;
				CLANG_ANALYZER_NUMBER_OBJECT_CONVERSION = YES_AGGRESSIVE;
				CLANG_CXX_LANGUAGE_STANDARD = "gnu++14";
				CLANG_CXX_LIBRARY = "libc++";
				CLANG_ENABLE_MODULES = YES;
				CLANG_ENABLE_OBJC_ARC = YES;
				CLANG_ENABLE_OBJC_WEAK = YES;
				CLANG_WARN_BLOCK_CAPTURE_AUTORELEASING = YES;
				CLANG_WARN_BOOL_CONVERSION = YES;
				CLANG_WARN_COMMA = YES;
				CLANG_WARN_CONSTANT_CONVERSION = YES;
				CLANG_WARN_DEPRECATED_OBJC_IMPLEMENTATIONS = YES;
				CLANG_WARN_DIRECT_OBJC_ISA_USAGE = YES_ERROR;
				CLANG_WARN_DOCUMENTATION_COMMENTS = YES;
				CLANG_WARN_EMPTY_BODY = YES;
				CLANG_WARN_ENUM_CONVERSION = YES;
				CLANG_WARN_INFINITE_RECURSION = YES;
				CLANG_WARN_INT_CONVERSION = YES;
				CLANG_WARN_NON_LITERAL_NULL_CONVERSION = YES;
				CLANG_WARN_OBJC_IMPLICIT_RETAIN_SELF = YES;
				CLANG_WARN_OBJC_LITERAL_CONVERSION = YES;
				CLANG_WARN_OBJC_ROOT_CLASS = YES_ERROR;
				CLANG_WARN_RANGE_LOOP_ANALYSIS = YES;
				CLANG_WARN_STRICT_PROTOTYPES = YES;
				CLANG_WARN_SUSPICIOUS_MOVE = YES;
				CLANG_WARN_UNGUARDED_AVAILABILITY = YES_AGGRESSIVE;
				CLANG_WARN_UNREACHABLE_CODE = YES;
				CLANG_WARN__DUPLICATE_METHOD_MATCH = YES;
				COPY_PHASE_STRIP = NO;
				DEBUG_INFORMATION_FORMAT = dwarf;
				ENABLE_STRICT_OBJC_MSGSEND = YES;
				ENABLE_TESTABILITY = YES;
				GCC_C_LANGUAGE_STANDARD = gnu11;
				GCC_DYNAMIC_NO_PIC = NO;
				GCC_NO_COMMON_BLOCKS = YES;
				GCC_OPTIMIZATION_LEVEL = 0;
				GCC_PREPROCESSOR_DEFINITIONS = (
					"DEBUG=1",
					"$(inherited)",
				);
				GCC_WARN_64_TO_32_BIT_CONVERSION = YES;
				GCC_WARN_ABOUT_RETURN_TYPE = YES_ERROR;
				GCC_WARN_UNDECLARED_SELECTOR = YES;
				GCC_WARN_UNINITIALIZED_AUTOS = YES_AGGRESSIVE;
				GCC_WARN_UNUSED_FUNCTION = YES;
				GCC_WARN_UNUSED_VARIABLE = YES;
				IPHONEOS_DEPLOYMENT_TARGET = 13.2;
				MTL_ENABLE_DEBUG_INFO = INCLUDE_SOURCE;
				MTL_FAST_MATH = YES;
				ONLY_ACTIVE_ARCH = YES;
				SDKROOT = iphoneos;
				SWIFT_ACTIVE_COMPILATION_CONDITIONS = DEBUG;
				SWIFT_OPTIMIZATION_LEVEL = "-Onone";
			};
			name = Debug;
		};
		78DFAE9123CFED11009DFDA8 /* Release */ = {
			isa = XCBuildConfiguration;
			buildSettings = {
				ALWAYS_SEARCH_USER_PATHS = NO;
				CLANG_ANALYZER_NONNULL = YES;
				CLANG_ANALYZER_NUMBER_OBJECT_CONVERSION = YES_AGGRESSIVE;
				CLANG_CXX_LANGUAGE_STANDARD = "gnu++14";
				CLANG_CXX_LIBRARY = "libc++";
				CLANG_ENABLE_MODULES = YES;
				CLANG_ENABLE_OBJC_ARC = YES;
				CLANG_ENABLE_OBJC_WEAK = YES;
				CLANG_WARN_BLOCK_CAPTURE_AUTORELEASING = YES;
				CLANG_WARN_BOOL_CONVERSION = YES;
				CLANG_WARN_COMMA = YES;
				CLANG_WARN_CONSTANT_CONVERSION = YES;
				CLANG_WARN_DEPRECATED_OBJC_IMPLEMENTATIONS = YES;
				CLANG_WARN_DIRECT_OBJC_ISA_USAGE = YES_ERROR;
				CLANG_WARN_DOCUMENTATION_COMMENTS = YES;
				CLANG_WARN_EMPTY_BODY = YES;
				CLANG_WARN_ENUM_CONVERSION = YES;
				CLANG_WARN_INFINITE_RECURSION = YES;
				CLANG_WARN_INT_CONVERSION = YES;
				CLANG_WARN_NON_LITERAL_NULL_CONVERSION = YES;
				CLANG_WARN_OBJC_IMPLICIT_RETAIN_SELF = YES;
				CLANG_WARN_OBJC_LITERAL_CONVERSION = YES;
				CLANG_WARN_OBJC_ROOT_CLASS = YES_ERROR;
				CLANG_WARN_RANGE_LOOP_ANALYSIS = YES;
				CLANG_WARN_STRICT_PROTOTYPES = YES;
				CLANG_WARN_SUSPICIOUS_MOVE = YES;
				CLANG_WARN_UNGUARDED_AVAILABILITY = YES_AGGRESSIVE;
				CLANG_WARN_UNREACHABLE_CODE = YES;
				CLANG_WARN__DUPLICATE_METHOD_MATCH = YES;
				COPY_PHASE_STRIP = NO;
				DEBUG_INFORMATION_FORMAT = "dwarf-with-dsym";
				ENABLE_NS_ASSERTIONS = NO;
				ENABLE_STRICT_OBJC_MSGSEND = YES;
				GCC_C_LANGUAGE_STANDARD = gnu11;
				GCC_NO_COMMON_BLOCKS = YES;
				GCC_WARN_64_TO_32_BIT_CONVERSION = YES;
				GCC_WARN_ABOUT_RETURN_TYPE = YES_ERROR;
				GCC_WARN_UNDECLARED_SELECTOR = YES;
				GCC_WARN_UNINITIALIZED_AUTOS = YES_AGGRESSIVE;
				GCC_WARN_UNUSED_FUNCTION = YES;
				GCC_WARN_UNUSED_VARIABLE = YES;
				IPHONEOS_DEPLOYMENT_TARGET = 13.2;
				MTL_ENABLE_DEBUG_INFO = NO;
				MTL_FAST_MATH = YES;
				SDKROOT = iphoneos;
				SWIFT_COMPILATION_MODE = wholemodule;
				SWIFT_OPTIMIZATION_LEVEL = "-O";
				VALIDATE_PRODUCT = YES;
			};
			name = Release;
		};
		78DFAE9323CFED11009DFDA8 /* Debug */ = {
			isa = XCBuildConfiguration;
			buildSettings = {
				ALWAYS_EMBED_SWIFT_STANDARD_LIBRARIES = YES;
				ASSETCATALOG_COMPILER_APPICON_NAME = AppIcon;
				CODE_SIGN_STYLE = Automatic;
				DEVELOPMENT_TEAM = Y4GA6H5JHE;
				ENABLE_BITCODE = NO;
				FRAMEWORK_SEARCH_PATHS = (
					"$(inherited)",
					"$(PROJECT_DIR)",
				);
				INFOPLIST_FILE = SquareReaderSDKTest/Info.plist;
				LD_RUNPATH_SEARCH_PATHS = (
					"$(inherited)",
					"@executable_path/Frameworks",
				);
				PRODUCT_BUNDLE_IDENTIFIER = com.kios.SquareReaderSDKTest;
				PRODUCT_NAME = "$(TARGET_NAME)";
				SWIFT_VERSION = 5.0;
				TARGETED_DEVICE_FAMILY = "1,2";
			};
			name = Debug;
		};
		78DFAE9423CFED11009DFDA8 /* Release */ = {
			isa = XCBuildConfiguration;
			buildSettings = {
				ALWAYS_EMBED_SWIFT_STANDARD_LIBRARIES = YES;
				ASSETCATALOG_COMPILER_APPICON_NAME = AppIcon;
				CODE_SIGN_STYLE = Automatic;
				DEVELOPMENT_TEAM = Y4GA6H5JHE;
				ENABLE_BITCODE = NO;
				FRAMEWORK_SEARCH_PATHS = (
					"$(inherited)",
					"$(PROJECT_DIR)",
				);
				INFOPLIST_FILE = SquareReaderSDKTest/Info.plist;
				LD_RUNPATH_SEARCH_PATHS = (
					"$(inherited)",
					"@executable_path/Frameworks",
				);
				PRODUCT_BUNDLE_IDENTIFIER = com.kios.SquareReaderSDKTest;
				PRODUCT_NAME = "$(TARGET_NAME)";
				SWIFT_VERSION = 5.0;
				TARGETED_DEVICE_FAMILY = "1,2";
			};
			name = Release;
		};
/* End XCBuildConfiguration section */

/* Begin XCConfigurationList section */
		78DFAE7923CFED10009DFDA8 /* Build configuration list for PBXProject "SquareReaderSDKTest" */ = {
			isa = XCConfigurationList;
			buildConfigurations = (
				78DFAE9023CFED11009DFDA8 /* Debug */,
				78DFAE9123CFED11009DFDA8 /* Release */,
			);
			defaultConfigurationIsVisible = 0;
			defaultConfigurationName = Release;
		};
		78DFAE9223CFED11009DFDA8 /* Build configuration list for PBXNativeTarget "SquareReaderSDKTest" */ = {
			isa = XCConfigurationList;
			buildConfigurations = (
				78DFAE9323CFED11009DFDA8 /* Debug */,
				78DFAE9423CFED11009DFDA8 /* Release */,
			);
			defaultConfigurationIsVisible = 0;
			defaultConfigurationName = Release;
		};
/* End XCConfigurationList section */
	};
	rootObject = 78DFAE7623CFED10009DFDA8 /* Project object */;
}
